
Microsoft Visual Studio Solution File, Format Version 12.00
# Visual Studio Version 17
VisualStudioVersion = 17.5.33530.505
MinimumVisualStudioVersion = 10.0.40219.1
Project("{FAE04EC0-301F-11D3-BF4B-00C04F79EFBC}") = "csharp-oop-shop-composizione", "csharp-oop-shop-composizione\csharp-oop-shop-composizione.csproj", "{670354B3-846A-4DE9-90F4-13300C49B68E}"
EndProject
Global
	GlobalSection(SolutionConfigurationPlatforms) = preSolution
		Debug|Any CPU = Debug|Any CPU
		Release|Any CPU = Release|Any CPU
	EndGlobalSection
	GlobalSection(ProjectConfigurationPlatforms) = postSolution
		{670354B3-846A-4DE9-90F4-13300C49B68E}.Debug|Any CPU.ActiveCfg = Debug|Any CPU
		{670354B3-846A-4DE9-90F4-13300C49B68E}.Debug|Any CPU.Build.0 = Debug|Any CPU
		{670354B3-846A-4DE9-90F4-13300C49B68E}.Release|Any CPU.ActiveCfg = Release|Any CPU
		{670354B3-846A-4DE9-90F4-13300C49B68E}.Release|Any CPU.Build.0 = Release|Any CPU
	EndGlobalSection
	GlobalSection(SolutionProperties) = preSolution
		HideSolutionNode = FALSE
	EndGlobalSection
	GlobalSection(ExtensibilityGlobals) = postSolution
		SolutionGuid = {F1D20FF1-81BE-4AA8-8168-71647F88A1AF}
	EndGlobalSection
EndGlobal
